{
  "nodes": {
    "hath-nix": {
      "locked": {
        "lastModified": 1623558647,
        "narHash": "sha256-r2Ikyi1gAaj0fer3CNoPPaSowEzAa3RF379d7FYzOOM=",
        "owner": "poscat0x04",
        "repo": "hath-nix",
        "rev": "28180bd11ecc9496233671f39b2cbe8027faf563",
        "type": "github"
      },
      "original": {
        "owner": "poscat0x04",
        "repo": "hath-nix",
        "type": "github"
      }
    },
    "keycloak-lantian": {
      "inputs": {
        "nixpkgs": [
          "nixpkgs"
        ]
      },
      "locked": {
        "lastModified": 1647333801,
        "narHash": "sha256-fE9gOjkbho/2Pct/gZi5iMoXyf0a7rWPZxon8yDDzsQ=",
        "ref": "master",
        "rev": "ae034b600c62a9a460d3e16897ad485e837a5e8a",
        "revCount": 19,
        "type": "git",
        "url": "https://git.lantian.pub/lantian/keycloak-lantian.git"
      },
      "original": {
        "type": "git",
        "url": "https://git.lantian.pub/lantian/keycloak-lantian.git"
      }
    },
    "nixpkgs": {
      "locked": {
        "lastModified": 1647321545,
        "narHash": "sha256-alnh5Pc73jdXAiN17G9AfhYEf2aURsTMXa/DXLiA3MI=",
        "owner": "NixOS",
        "repo": "nixpkgs",
        "rev": "be872a7453a176df625c12190b8a6c10f6b21647",
        "type": "github"
      },
      "original": {
        "owner": "NixOS",
        "ref": "nixpkgs-unstable",
        "repo": "nixpkgs",
        "type": "github"
      }
    },
    "root": {
      "inputs": {
        "hath-nix": "hath-nix",
        "keycloak-lantian": "keycloak-lantian",
        "nixpkgs": "nixpkgs"
      }
    }
  },
  "root": "root",
  "version": 7
}
