{
  "nodes": {
    "hath-nix": {
      "locked": {
        "lastModified": 1623558647,
        "narHash": "sha256-r2Ikyi1gAaj0fer3CNoPPaSowEzAa3RF379d7FYzOOM=",
        "owner": "poscat0x04",
        "repo": "hath-nix",
        "rev": "28180bd11ecc9496233671f39b2cbe8027faf563",
        "type": "github"
      },
      "original": {
        "owner": "poscat0x04",
        "repo": "hath-nix",
        "type": "github"
      }
    },
    "keycloak-lantian": {
      "inputs": {
        "nixpkgs": [
          "nixpkgs"
        ]
      },
      "locked": {
        "lastModified": 1644308498,
        "narHash": "sha256-D27yMxq7009XqR4ZcPFc64nTmblpSGWDDk9Nvbs4JIs=",
        "ref": "master",
        "rev": "f38f3a70eafb8ff939e4d4b6f0afcdefaab88207",
        "revCount": 14,
        "type": "git",
        "url": "https://git.lantian.pub/lantian/keycloak-lantian.git"
      },
      "original": {
        "type": "git",
        "url": "https://git.lantian.pub/lantian/keycloak-lantian.git"
      }
    },
    "nixpkgs": {
      "locked": {
        "lastModified": 1644151317,
        "narHash": "sha256-TpXGBYCFKvEN7Q+To45rn4kqTbLPY4f56rF6ymUGGRE=",
        "owner": "NixOS",
        "repo": "nixpkgs",
        "rev": "942b0817e898262cc6e3f0a5f706ce09d8f749f1",
        "type": "github"
      },
      "original": {
        "owner": "NixOS",
        "ref": "nixpkgs-unstable",
        "repo": "nixpkgs",
        "type": "github"
      }
    },
    "root": {
      "inputs": {
        "hath-nix": "hath-nix",
        "keycloak-lantian": "keycloak-lantian",
        "nixpkgs": "nixpkgs"
      }
    }
  },
  "root": "root",
  "version": 7
}
